
Microsoft Visual Studio Solution File, Format Version 12.00
# Visual Studio Version 17
VisualStudioVersion = 17.0.32112.339
MinimumVisualStudioVersion = 10.0.40219.1
Project("{9A19103F-16F7-4668-BE54-9A1E7A4F7556}") = "Ru.Mail.AlexBasic.GUIPasswordManager", "Ru.Mail.AlexBasic.GUIPasswordManager\Ru.Mail.AlexBasic.GUIPasswordManager.csproj", "{E7BAE5AD-EF93-44E4-A525-541E27FA390D}"
EndProject
Project("{9A19103F-16F7-4668-BE54-9A1E7A4F7556}") = "Ru.Mail.AlexBasic.GUIPasswordManager.Test", "Ru.Mail.AlexBasic.GUIPasswordManager.Test\Ru.Mail.AlexBasic.GUIPasswordManager.Test.csproj", "{5CC6D519-B6CE-4D69-92B7-AF08562B4F44}"
EndProject
Global
	GlobalSection(SolutionConfigurationPlatforms) = preSolution
		Debug|Any CPU = Debug|Any CPU
		Release|Any CPU = Release|Any CPU
	EndGlobalSection
	GlobalSection(ProjectConfigurationPlatforms) = postSolution
		{E7BAE5AD-EF93-44E4-A525-541E27FA390D}.Debug|Any CPU.ActiveCfg = Debug|Any CPU
		{E7BAE5AD-EF93-44E4-A525-541E27FA390D}.Debug|Any CPU.Build.0 = Debug|Any CPU
		{E7BAE5AD-EF93-44E4-A525-541E27FA390D}.Release|Any CPU.ActiveCfg = Release|Any CPU
		{E7BAE5AD-EF93-44E4-A525-541E27FA390D}.Release|Any CPU.Build.0 = Release|Any CPU
		{5CC6D519-B6CE-4D69-92B7-AF08562B4F44}.Debug|Any CPU.ActiveCfg = Debug|Any CPU
		{5CC6D519-B6CE-4D69-92B7-AF08562B4F44}.Debug|Any CPU.Build.0 = Debug|Any CPU
		{5CC6D519-B6CE-4D69-92B7-AF08562B4F44}.Release|Any CPU.ActiveCfg = Release|Any CPU
		{5CC6D519-B6CE-4D69-92B7-AF08562B4F44}.Release|Any CPU.Build.0 = Release|Any CPU
	EndGlobalSection
	GlobalSection(SolutionProperties) = preSolution
		HideSolutionNode = FALSE
	EndGlobalSection
	GlobalSection(ExtensibilityGlobals) = postSolution
		SolutionGuid = {4AE221D8-70CF-4201-8728-DF18306BCD98}
	EndGlobalSection
EndGlobal
